
Microsoft Visual Studio Solution File, Format Version 12.00
# Visual Studio 2013
VisualStudioVersion = 12.0.30501.0
MinimumVisualStudioVersion = 10.0.40219.1
Project("{8BC9CEB8-8B4A-11D0-8D11-00A0C91BC942}") = "CPPfileSystem", "CPPfileSystem\CPPfileSystem.vcxproj", "{539B0E2F-4317-4BCA-8C51-A0C1395C8ACC}"
EndProject
Global
	GlobalSection(SolutionConfigurationPlatforms) = preSolution
		Debug|Win32 = Debug|Win32
		Release|Win32 = Release|Win32
	EndGlobalSection
	GlobalSection(ProjectConfigurationPlatforms) = postSolution
		{539B0E2F-4317-4BCA-8C51-A0C1395C8ACC}.Debug|Win32.ActiveCfg = Debug|Win32
		{539B0E2F-4317-4BCA-8C51-A0C1395C8ACC}.Debug|Win32.Build.0 = Debug|Win32
		{539B0E2F-4317-4BCA-8C51-A0C1395C8ACC}.Release|Win32.ActiveCfg = Release|Win32
		{539B0E2F-4317-4BCA-8C51-A0C1395C8ACC}.Release|Win32.Build.0 = Release|Win32
	EndGlobalSection
	GlobalSection(SolutionProperties) = preSolution
		HideSolutionNode = FALSE
	EndGlobalSection
EndGlobal
